Microsoft Visual Studio Solution File, Format Version 12.00
# Visual Studio 15
VisualStudioVersion = 15.0.28307.421
MinimumVisualStudioVersion = 10.0.40219.1
Project("{2150E333-8FDC-42A3-9474-1A3956D46DE8}") = "0_thirdparty", "0_thirdparty", "{046A8A7F-6103-48D5-80BB-082A21E4D33D}"
EndProject
Project("{2150E333-8FDC-42A3-9474-1A3956D46DE8}") = "1_demo", "1_demo", "{B57FEB14-DAC7-44C7-9FAF-426D5C371222}"
EndProject
Project("{8BC9CEB8-8B4A-11D0-8D11-00A0C91BC942}") = "db_archive", "demo\util\db_archive.vcxproj", "{56056344-53A1-4FA6-B20B-862C0BA68953}"
EndProject
Project("{8BC9CEB8-8B4A-11D0-8D11-00A0C91BC942}") = "libgetopt", "thirdparty\getopt\libgetopt.vcxproj", "{CBA57C31-6A64-4B51-B22E-5B820B021322}"
EndProject
Project("{2150E333-8FDC-42A3-9474-1A3956D46DE8}") = "util", "util", "{1969A8AF-905D-4B6C-AEC6-38F9235F86CC}"
EndProject
Project("{8BC9CEB8-8B4A-11D0-8D11-00A0C91BC942}") = "db_checkpoint", "demo\util\db_checkpoint.vcxproj", "{4338103E-310C-4C5B-9F67-E3F7EA9D4733}"
EndProject
Project("{8BC9CEB8-8B4A-11D0-8D11-00A0C91BC942}") = "db_deadlock", "demo\util\db_deadlock.vcxproj", "{25A7C2C0-21C5-468A-8022-1D675AB1C316}"
EndProject
Project("{8BC9CEB8-8B4A-11D0-8D11-00A0C91BC942}") = "db_dump", "demo\util\db_dump.vcxproj", "{C7D5D29A-B532-4EB2-A275-528210EDC583}"
EndProject
Project("{8BC9CEB8-8B4A-11D0-8D11-00A0C91BC942}") = "db_hotbackup", "demo\util\db_hotbackup.vcxproj", "{52DACE12-0027-4325-BF81-745DB12C12BB}"
EndProject
Project("{8BC9CEB8-8B4A-11D0-8D11-00A0C91BC942}") = "db_load", "demo\util\db_load.vcxproj", "{931D2DDB-16B5-405B-80E0-09882887B0FB}"
EndProject
Project("{8BC9CEB8-8B4A-11D0-8D11-00A0C91BC942}") = "db_log_verify", "demo\util\db_log_verify.vcxproj", "{165F8B49-E112-4EAC-BA7E-14DE89B686A9}"
EndProject
Project("{8BC9CEB8-8B4A-11D0-8D11-00A0C91BC942}") = "db_recover", "demo\util\db_recover.vcxproj", "{47DF62C4-37EB-4176-9BEE-0B6141FBF217}"
EndProject
Project("{8BC9CEB8-8B4A-11D0-8D11-00A0C91BC942}") = "db_replicate", "demo\util\db_replicate.vcxproj", "{FB6439A6-9F4E-4334-8E44-4C59C4783327}"
EndProject
Project("{8BC9CEB8-8B4A-11D0-8D11-00A0C91BC942}") = "db_stat", "demo\util\db_stat.vcxproj", "{AD4F70AA-A859-4387-A004-4C78CE146017}"
EndProject
Project("{8BC9CEB8-8B4A-11D0-8D11-00A0C91BC942}") = "db_tuner", "demo\util\db_tuner.vcxproj", "{2F7F745F-78B0-4515-9FA4-7921F204E26F}"
EndProject
Project("{8BC9CEB8-8B4A-11D0-8D11-00A0C91BC942}") = "db_upgrade", "demo\util\db_upgrade.vcxproj", "{55A3C90F-BEB8-48EF-A9DA-C33B58475C29}"
EndProject
Project("{8BC9CEB8-8B4A-11D0-8D11-00A0C91BC942}") = "db_verify", "demo\util\db_verify.vcxproj", "{DD28BCC3-0512-4D68-96AE-A0D71B6BA277}"
EndProject
Project("{2150E333-8FDC-42A3-9474-1A3956D46DE8}") = "examples", "examples", "{E00D9A6C-6ADB-4EA7-966B-358F4D0E2C6E}"
EndProject
Project("{8BC9CEB8-8B4A-11D0-8D11-00A0C91BC942}") = "ex_access", "demo\examples\c\ex_access.vcxproj", "{B465547D-6BD9-4D20-97E1-F985479D0915}"
EndProject
Project("{8BC9CEB8-8B4A-11D0-8D11-00A0C91BC942}") = "ex_btrec", "demo\examples\c\ex_btrec.vcxproj", "{4BE50EF1-BD91-42E7-83D1-C22E844CCE09}"
EndProject
Project("{8BC9CEB8-8B4A-11D0-8D11-00A0C91BC942}") = "ex_bulk", "demo\examples\c\ex_bulk.vcxproj", "{E7ABB66D-4004-4540-B162-191FBD4DA1E5}"
EndProject
Project("{8BC9CEB8-8B4A-11D0-8D11-00A0C91BC942}") = "ex_env", "demo\examples\c\ex_env.vcxproj", "{7E85C64E-8FD0-4C83-B4D4-428D76DACEC3}"
EndProject
Project("{8BC9CEB8-8B4A-11D0-8D11-00A0C91BC942}") = "ex_heap", "demo\examples\c\ex_heap.vcxproj", "{7311483E-326F-496A-BE9A-DCF2CC7B5EC7}"
EndProject
Project("{8BC9CEB8-8B4A-11D0-8D11-00A0C91BC942}") = "ex_lock", "demo\examples\c\ex_lock.vcxproj", "{5DA044EB-52D8-4D23-A9B7-B312E06438E9}"
EndProject
Project("{8BC9CEB8-8B4A-11D0-8D11-00A0C91BC942}") = "ex_mpool", "demo\examples\c\ex_mpool.vcxproj", "{3875A048-C53D-4B41-ACA9-C7C371A95B2C}"
EndProject
Project("{8BC9CEB8-8B4A-11D0-8D11-00A0C91BC942}") = "ex_sequence", "demo\examples\c\ex_sequence.vcxproj", "{64F1E9A7-4AD0-4BCE-8019-314C2FD28477}"
EndProject
Project("{8BC9CEB8-8B4A-11D0-8D11-00A0C91BC942}") = "ex_stream", "demo\examples\c\ex_stream.vcxproj", "{F7893C14-3347-43CD-93EA-DBA0EE8C18EB}"
EndProject
Project("{8BC9CEB8-8B4A-11D0-8D11-00A0C91BC942}") = "ex_tpcb", "demo\examples\c\ex_tpcb.vcxproj", "{CEABE80F-F59C-4568-A273-25D3BF851CE3}"
EndProject
Project("{2150E333-8FDC-42A3-9474-1A3956D46DE8}") = "c", "c", "{827A7CB1-E4A3-4A85-9A31-82F5DB132BFF}"
EndProject
Project("{2150E333-8FDC-42A3-9474-1A3956D46DE8}") = "stl", "stl", "{71FD8524-51E1-4A99-B0F0-CEBBCF3B6153}"
EndProject
Project("{8BC9CEB8-8B4A-11D0-8D11-00A0C91BC942}") = "StlAccessExample", "demo\examples\stl\StlAccessExample.vcxproj", "{39A186A8-860E-48D8-BE1F-76006A42BD7D}"
EndProject
Project("{8BC9CEB8-8B4A-11D0-8D11-00A0C91BC942}") = "StlAdvancedFeatures", "demo\examples\stl\StlAdvancedFeatures.vcxproj", "{28FDD3BC-0CDB-40BA-8224-245831FCC0AB}"
EndProject
Project("{8BC9CEB8-8B4A-11D0-8D11-00A0C91BC942}") = "StlTpcbExample", "demo\examples\stl\StlTpcbExample.vcxproj", "{756AA633-54A3-4C94-B75C-4E23680182E1}"
EndProject
Project("{8BC9CEB8-8B4A-11D0-8D11-00A0C91BC942}") = "StlTransactionGuideExample", "demo\examples\stl\StlTransactionGuideExample.vcxproj", "{65FDDF27-2FCF-4328-A5A1-2E20F9C02125}"
EndProject
Project("{2150E333-8FDC-42A3-9474-1A3956D46DE8}") = "cxx", "cxx", "{C6C49153-61AC-40C9-84D5-2057DD0690F6}"
EndProject
Project("{8BC9CEB8-8B4A-11D0-8D11-00A0C91BC942}") = "AccessExample", "demo\examples\cxx\AccessExample.vcxproj", "{EFD7B015-157C-4986-B6B5-E28FABED8D2B}"
EndProject
Project("{8BC9CEB8-8B4A-11D0-8D11-00A0C91BC942}") = "BtRecExample", "demo\examples\cxx\BtRecExample.vcxproj", "{EA0C3161-534C-4538-BA96-F7FA67F7EEFD}"
EndProject
Project("{8BC9CEB8-8B4A-11D0-8D11-00A0C91BC942}") = "EnvExample", "demo\examples\cxx\EnvExample.vcxproj", "{02E452B7-0D20-4B90-9A28-482576FBB116}"
EndProject
Project("{8BC9CEB8-8B4A-11D0-8D11-00A0C91BC942}") = "LockExample", "demo\examples\cxx\LockExample.vcxproj", "{44A83998-C7E8-4B57-A63C-CAE3A0ACBC50}"
EndProject
Project("{8BC9CEB8-8B4A-11D0-8D11-00A0C91BC942}") = "MpoolExample", "demo\examples\cxx\MpoolExample.vcxproj", "{4A1B383C-60A2-4E96-9748-C9672FB6627F}"
EndProject
Project("{8BC9CEB8-8B4A-11D0-8D11-00A0C91BC942}") = "SequenceExample", "demo\examples\cxx\SequenceExample.vcxproj", "{FB8328C8-F3A4-45BA-BA2E-F104B058F8AF}"
EndProject
Project("{8BC9CEB8-8B4A-11D0-8D11-00A0C91BC942}") = "TpcbExample", "demo\examples\cxx\TpcbExample.vcxproj", "{F02ABB27-AD9F-4ED9-AE99-5217F03FC23B}"
EndProject
Project("{2150E333-8FDC-42A3-9474-1A3956D46DE8}") = "getting_started", "getting_started", "{416983ED-EE23-42E1-A6D1-E12CB669BFF5}"
EndProject
Project("{8BC9CEB8-8B4A-11D0-8D11-00A0C91BC942}") = "excxx_example_database_load", "demo\examples\cxx\getting_started\excxx_example_database_load.vcxproj", "{5AA7DB59-65D1-45A8-A8C7-0F73B7FF439B}"
EndProject
Project("{8BC9CEB8-8B4A-11D0-8D11-00A0C91BC942}") = "excxx_example_database_read", "demo\examples\cxx\getting_started\excxx_example_database_read.vcxproj", "{59F75107-0972-44E0-9F4D-19502A215BEA}"
EndProject
Project("{2150E333-8FDC-42A3-9474-1A3956D46DE8}") = "getting_started", "getting_started", "{E98F2B9F-53A7-4E17-81C6-1884ADEB75B7}"
EndProject
Project("{8BC9CEB8-8B4A-11D0-8D11-00A0C91BC942}") = "example_database_load", "demo\examples\c\getting_started\example_database_load.vcxproj", "{75779E2F-D694-4ACB-BED2-68E5A00B1A61}"
EndProject
Project("{8BC9CEB8-8B4A-11D0-8D11-00A0C91BC942}") = "example_database_read", "demo\examples\c\getting_started\example_database_read.vcxproj", "{42AF3E0A-B628-4752-866D-0FB0CE9A5C47}"
EndProject
Project("{2150E333-8FDC-42A3-9474-1A3956D46DE8}") = "sql", "sql", "{F37A2219-04B2-4EC5-8933-7AE06FC3BE8A}"
EndProject
Project("{2150E333-8FDC-42A3-9474-1A3956D46DE8}") = "c", "c", "{356D8E1D-5609-47C7-8527-AB62205F35C8}"
EndProject
Project("{8BC9CEB8-8B4A-11D0-8D11-00A0C91BC942}") = "ex_sql_binding", "demo\examples\sql\c\ex_sql_binding.vcxproj", "{B4C675E4-5F41-4850-9A24-B09FE0C317F8}"
EndProject
Project("{8BC9CEB8-8B4A-11D0-8D11-00A0C91BC942}") = "ex_sql_fts3", "demo\examples\sql\c\ex_sql_fts3.vcxproj", "{B5FC66B2-7F58-42BD-ADD5-42FB83DEAF6A}"
EndProject
Project("{8BC9CEB8-8B4A-11D0-8D11-00A0C91BC942}") = "ex_sql_index", "demo\examples\sql\c\ex_sql_index.vcxproj", "{2F746A14-853B-4A47-9FA1-A475521467CC}"
EndProject
Project("{8BC9CEB8-8B4A-11D0-8D11-00A0C91BC942}") = "ex_sql_load", "demo\examples\sql\c\ex_sql_load.vcxproj", "{7FAFAC5C-9213-4F26-954A-4470AB90BF9F}"
EndProject
Project("{8BC9CEB8-8B4A-11D0-8D11-00A0C91BC942}") = "ex_sql_multi_thread", "demo\examples\sql\c\ex_sql_multi_thread.vcxproj", "{42AB0D1A-B896-4483-9F81-5B36BCFE87A6}"
EndProject
Project("{8BC9CEB8-8B4A-11D0-8D11-00A0C91BC942}") = "ex_sql_query", "demo\examples\sql\c\ex_sql_query.vcxproj", "{4343DE64-AC48-4562-86DC-1205C4768A01}"
EndProject
Project("{8BC9CEB8-8B4A-11D0-8D11-00A0C91BC942}") = "ex_sql_rtree", "demo\examples\sql\c\ex_sql_rtree.vcxproj", "{F306EB33-5FC7-4625-BB7C-A882C5ED0178}"
EndProject
Project("{8BC9CEB8-8B4A-11D0-8D11-00A0C91BC942}") = "ex_sql_savepoint", "demo\examples\sql\c\ex_sql_savepoint.vcxproj", "{2711746E-4B7A-4F87-8798-89419AD62E92}"
EndProject
Project("{8BC9CEB8-8B4A-11D0-8D11-00A0C91BC942}") = "ex_sql_statement", "demo\examples\sql\c\ex_sql_statement.vcxproj", "{3D5AA8C6-5BBF-482E-BC13-A8CFAEB624B5}"
EndProject
Project("{8BC9CEB8-8B4A-11D0-8D11-00A0C91BC942}") = "ex_sql_transaction", "demo\examples\sql\c\ex_sql_transaction.vcxproj", "{F56DF22B-8385-46C3-9DF0-7AC5D5A9D71F}"
EndProject
Project("{2150E333-8FDC-42A3-9474-1A3956D46DE8}") = "db_sql_codegen", "db_sql_codegen", "{A8C6593C-CC47-45AF-97F4-2A121842CAE6}"
EndProject
Project("{8BC9CEB8-8B4A-11D0-8D11-00A0C91BC942}") = "db_sql_codegen", "demo\util\db_sql_codegen\db_sql_codegen.vcxproj", "{2753E12B-6CA9-4BCC-B505-137F79D9C5FA}"
EndProject
Project("{2150E333-8FDC-42A3-9474-1A3956D46DE8}") = "repquote", "repquote", "{AE07D3A4-AFCA-4EEE-BF43-937D9CF0C5E2}"
EndProject
Project("{8BC9CEB8-8B4A-11D0-8D11-00A0C91BC942}") = "exstl_repquote", "demo\examples\stl\repquote\exstl_repquote.vcxproj", "{63784AFD-DDC2-4CBC-B776-ACD545544BDE}"
EndProject
Project("{8BC9CEB8-8B4A-11D0-8D11-00A0C91BC942}") = "dbkill", "demo\util\dbkill.vcxproj", "{AAE25717-5CB5-49D2-9DE1-F336D6D1EAD6}"
EndProject
Project("{2150E333-8FDC-42A3-9474-1A3956D46DE8}") = "lang", "lang", "{DA2C29CD-381A-4D7A-89DE-1A06BDF91C16}"
EndProject
Project("{2150E333-8FDC-42A3-9474-1A3956D46DE8}") = "sql", "sql", "{1C497C89-C795-4C90-ABDB-8C7EC16F5F76}"
EndProject
Project("{2150E333-8FDC-42A3-9474-1A3956D46DE8}") = "sqlite", "sqlite", "{1986AC64-F346-4B5F-BD55-F0E8F16463D1}"
EndProject
Project("{2150E333-8FDC-42A3-9474-1A3956D46DE8}") = "src", "src", "{23FD45F1-3239-44B8-B693-C18911305518}"
EndProject
Project("{8BC9CEB8-8B4A-11D0-8D11-00A0C91BC942}") = "db_sql_shell", "thirdparty\berkeleydb-5.3.28\lang\sql\sqlite\src\db_sql_shell.vcxproj", "{621344E9-198E-40DA-8B3B-8231111D9A35}"
EndProject
Project("{2150E333-8FDC-42A3-9474-1A3956D46DE8}") = "csv", "csv", "{02873E55-2B11-49D6-B8F7-927C79B083CD}"
EndProject
Project("{8BC9CEB8-8B4A-11D0-8D11-00A0C91BC942}") = "code", "demo\examples\c\csv\code.vcxproj", "{95084EAD-52C2-4D83-B444-6238A2DD2909}"
EndProject
Project("{2150E333-8FDC-42A3-9474-1A3956D46DE8}") = "ex_rep", "ex_rep", "{08B739D7-50B2-47AB-9D69-6B718355A195}"
EndProject
Project("{8BC9CEB8-8B4A-11D0-8D11-00A0C91BC942}") = "ex_rep_base", "demo\examples\c\ex_rep\ex_rep_base.vcxproj", "{EAEEB532-A19A-4A98-8B46-68B9245ECC9C}"
EndProject
Project("{2150E333-8FDC-42A3-9474-1A3956D46DE8}") = "ex_rep_chan", "ex_rep_chan", "{618BFB6B-9777-46C5-A60F-06F5571144E2}"
EndProject
Project("{8BC9CEB8-8B4A-11D0-8D11-00A0C91BC942}") = "ex_rep_chan", "demo\examples\c\ex_rep_chan\ex_rep_chan.vcxproj", "{5A48770D-203F-456D-AB9C-75C96417E0AE}"
EndProject
Project("{8BC9CEB8-8B4A-11D0-8D11-00A0C91BC942}") = "ex_rep_mgr", "demo\examples\c\ex_rep\ex_rep_mgr.vcxproj", "{F2B01399-136B-485B-B8BD-9D66DC4AC8BA}"
EndProject
Project("{2150E333-8FDC-42A3-9474-1A3956D46DE8}") = "txn_guide", "txn_guide", "{31E0F130-5DAB-44BF-91C4-C79F3719A002}"
EndProject
Project("{8BC9CEB8-8B4A-11D0-8D11-00A0C91BC942}") = "txn_guide", "demo\examples\c\txn_guide\txn_guide.vcxproj", "{5826A849-7FC2-454C-9EEE-82C36CF93936}"
EndProject
Project("{8BC9CEB8-8B4A-11D0-8D11-00A0C91BC942}") = "txn_guide_inmemory", "demo\examples\c\txn_guide\txn_guide_inmemory.vcxproj", "{9DC7E02F-4782-42B5-94D5-F6A7BDBCAEFB}"
EndProject
Project("{2150E333-8FDC-42A3-9474-1A3956D46DE8}") = "excxx_repquote", "excxx_repquote", "{8B18CA6D-98BE-4D49-BFF3-D12877B83BE5}"
EndProject
Project("{8BC9CEB8-8B4A-11D0-8D11-00A0C91BC942}") = "RepQuoteExample", "demo\examples\cxx\excxx_repquote\RepQuoteExample.vcxproj", "{1CB6B46B-47DD-4932-AE99-260EC9B83BD8}"
EndProject
Project("{2150E333-8FDC-42A3-9474-1A3956D46DE8}") = "txn_guide", "txn_guide", "{A664C68A-EC4B-4C8E-8408-1E0E6F757713}"
EndProject
Project("{8BC9CEB8-8B4A-11D0-8D11-00A0C91BC942}") = "TxnGuide", "demo\examples\cxx\txn_guide\TxnGuide.vcxproj", "{7F4169C3-D589-49C3-9058-7CCD2B8CA6F3}"
EndProject
Project("{8BC9CEB8-8B4A-11D0-8D11-00A0C91BC942}") = "TxnGuideInMemory", "demo\examples\cxx\txn_guide\TxnGuideInMemory.vcxproj", "{522FF3B9-A28E-4350-A82C-504FAC66EDCD}"
EndProject
Project("{2150E333-8FDC-42A3-9474-1A3956D46DE8}") = "test", "test", "{DE995AB1-E28F-4B0A-BA13-B51F80984F40}"
EndProject
Project("{2150E333-8FDC-42A3-9474-1A3956D46DE8}") = "c", "c", "{E52F6244-4AD2-464E-B149-F11D216E9A35}"
EndProject
Project("{8BC9CEB8-8B4A-11D0-8D11-00A0C91BC942}") = "test_cutest", "demo\test\c\test_cutest.vcxproj", "{9073C0E4-43FD-4F10-B67A-1FB2D33EBF11}"
EndProject
Project("{2150E333-8FDC-42A3-9474-1A3956D46DE8}") = "0_lib", "0_lib", "{D7177661-E4D4-461E-82E3-22B76B819399}"
EndProject
Project("{2150E333-8FDC-42A3-9474-1A3956D46DE8}") = "1_dll", "1_dll", "{EE86DFCE-17CE-4E5F-9066-CCD608DDB70B}"
EndProject
Project("{8BC9CEB8-8B4A-11D0-8D11-00A0C91BC942}") = "berkeleydbstl", "thirdparty\berkeleydb-5.3.28\lang\cxx\stl\berkeleydbstl.vcxproj", "{BC2EB852-5DBF-4BC1-816E-2B99602BF8BE}"
EndProject
Project("{8BC9CEB8-8B4A-11D0-8D11-00A0C91BC942}") = "libberkeleydbstl", "thirdparty\berkeleydb-5.3.28\lang\cxx\stl\libberkeleydbstl.vcxproj", "{56FE4EAA-B893-4821-8A62-CE1AB3B819C2}"
EndProject
Project("{8BC9CEB8-8B4A-11D0-8D11-00A0C91BC942}") = "berkeleydb", "thirdparty\berkeleydb-5.3.28\berkeleydb.vcxproj", "{FD045D60-ABAD-4A6C-9794-9BFB085FC3E7}"
EndProject
Project("{8BC9CEB8-8B4A-11D0-8D11-00A0C91BC942}") = "libberkeleydb", "thirdparty\berkeleydb-5.3.28\libberkeleydb.vcxproj", "{02AEBC7B-C8AF-4407-BB1A-064182A38420}"
EndProject
Project("{8BC9CEB8-8B4A-11D0-8D11-00A0C91BC942}") = "berkeleydbsmall", "thirdparty\berkeleydb-5.3.28\berkeleydbsmall.vcxproj", "{B7124116-7A43-4BF1-B727-4C8ADE40FF7F}"
EndProject
Project("{8BC9CEB8-8B4A-11D0-8D11-00A0C91BC942}") = "libberkeleydbsmall", "thirdparty\berkeleydb-5.3.28\libberkeleydbsmall.vcxproj", "{E464DF91-A1F7-46F0-980F-2871E6706560}"
EndProject
Project("{8BC9CEB8-8B4A-11D0-8D11-00A0C91BC942}") = "berkeleydbsql", "thirdparty\berkeleydb-5.3.28\lang\sql\berkeleydbsql.vcxproj", "{4B65E600-064A-11DF-8A39-0800200C9A66}"
EndProject
Project("{8BC9CEB8-8B4A-11D0-8D11-00A0C91BC942}") = "libberkeleydbsql", "thirdparty\berkeleydb-5.3.28\lang\sql\libberkeleydbsql.vcxproj", "{1EE89292-DE32-4F46-9DB8-ECC77408EBCC}"
EndProject
Global
	GlobalSection(SolutionConfigurationPlatforms) = preSolution
		Debug|x64 = Debug|x64
		Release|x64 = Release|x64
	EndGlobalSection
	GlobalSection(ProjectConfigurationPlatforms) = postSolution
		{56056344-53A1-4FA6-B20B-862C0BA68953}.Debug|x64.ActiveCfg = Debug|x64
		{56056344-53A1-4FA6-B20B-862C0BA68953}.Debug|x64.Build.0 = Debug|x64
		{56056344-53A1-4FA6-B20B-862C0BA68953}.Release|x64.ActiveCfg = Release|x64
		{56056344-53A1-4FA6-B20B-862C0BA68953}.Release|x64.Build.0 = Release|x64
		{CBA57C31-6A64-4B51-B22E-5B820B021322}.Debug|x64.ActiveCfg = Debug|x64
		{CBA57C31-6A64-4B51-B22E-5B820B021322}.Debug|x64.Build.0 = Debug|x64
		{CBA57C31-6A64-4B51-B22E-5B820B021322}.Release|x64.ActiveCfg = Release|x64
		{CBA57C31-6A64-4B51-B22E-5B820B021322}.Release|x64.Build.0 = Release|x64
		{4338103E-310C-4C5B-9F67-E3F7EA9D4733}.Debug|x64.ActiveCfg = Debug|x64
		{4338103E-310C-4C5B-9F67-E3F7EA9D4733}.Debug|x64.Build.0 = Debug|x64
		{4338103E-310C-4C5B-9F67-E3F7EA9D4733}.Release|x64.ActiveCfg = Release|x64
		{4338103E-310C-4C5B-9F67-E3F7EA9D4733}.Release|x64.Build.0 = Release|x64
		{25A7C2C0-21C5-468A-8022-1D675AB1C316}.Debug|x64.ActiveCfg = Debug|x64
		{25A7C2C0-21C5-468A-8022-1D675AB1C316}.Debug|x64.Build.0 = Debug|x64
		{25A7C2C0-21C5-468A-8022-1D675AB1C316}.Release|x64.ActiveCfg = Release|x64
		{25A7C2C0-21C5-468A-8022-1D675AB1C316}.Release|x64.Build.0 = Release|x64
		{C7D5D29A-B532-4EB2-A275-528210EDC583}.Debug|x64.ActiveCfg = Debug|x64
		{C7D5D29A-B532-4EB2-A275-528210EDC583}.Debug|x64.Build.0 = Debug|x64
		{C7D5D29A-B532-4EB2-A275-528210EDC583}.Release|x64.ActiveCfg = Release|x64
		{C7D5D29A-B532-4EB2-A275-528210EDC583}.Release|x64.Build.0 = Release|x64
		{52DACE12-0027-4325-BF81-745DB12C12BB}.Debug|x64.ActiveCfg = Debug|x64
		{52DACE12-0027-4325-BF81-745DB12C12BB}.Debug|x64.Build.0 = Debug|x64
		{52DACE12-0027-4325-BF81-745DB12C12BB}.Release|x64.ActiveCfg = Release|x64
		{52DACE12-0027-4325-BF81-745DB12C12BB}.Release|x64.Build.0 = Release|x64
		{931D2DDB-16B5-405B-80E0-09882887B0FB}.Debug|x64.ActiveCfg = Debug|x64
		{931D2DDB-16B5-405B-80E0-09882887B0FB}.Debug|x64.Build.0 = Debug|x64
		{931D2DDB-16B5-405B-80E0-09882887B0FB}.Release|x64.ActiveCfg = Release|x64
		{931D2DDB-16B5-405B-80E0-09882887B0FB}.Release|x64.Build.0 = Release|x64
		{165F8B49-E112-4EAC-BA7E-14DE89B686A9}.Debug|x64.ActiveCfg = Debug|x64
		{165F8B49-E112-4EAC-BA7E-14DE89B686A9}.Debug|x64.Build.0 = Debug|x64
		{165F8B49-E112-4EAC-BA7E-14DE89B686A9}.Release|x64.ActiveCfg = Release|x64
		{165F8B49-E112-4EAC-BA7E-14DE89B686A9}.Release|x64.Build.0 = Release|x64
		{47DF62C4-37EB-4176-9BEE-0B6141FBF217}.Debug|x64.ActiveCfg = Debug|x64
		{47DF62C4-37EB-4176-9BEE-0B6141FBF217}.Debug|x64.Build.0 = Debug|x64
		{47DF62C4-37EB-4176-9BEE-0B6141FBF217}.Release|x64.ActiveCfg = Release|x64
		{47DF62C4-37EB-4176-9BEE-0B6141FBF217}.Release|x64.Build.0 = Release|x64
		{FB6439A6-9F4E-4334-8E44-4C59C4783327}.Debug|x64.ActiveCfg = Debug|x64
		{FB6439A6-9F4E-4334-8E44-4C59C4783327}.Debug|x64.Build.0 = Debug|x64
		{FB6439A6-9F4E-4334-8E44-4C59C4783327}.Release|x64.ActiveCfg = Release|x64
		{FB6439A6-9F4E-4334-8E44-4C59C4783327}.Release|x64.Build.0 = Release|x64
		{AD4F70AA-A859-4387-A004-4C78CE146017}.Debug|x64.ActiveCfg = Debug|x64
		{AD4F70AA-A859-4387-A004-4C78CE146017}.Debug|x64.Build.0 = Debug|x64
		{AD4F70AA-A859-4387-A004-4C78CE146017}.Release|x64.ActiveCfg = Release|x64
		{AD4F70AA-A859-4387-A004-4C78CE146017}.Release|x64.Build.0 = Release|x64
		{2F7F745F-78B0-4515-9FA4-7921F204E26F}.Debug|x64.ActiveCfg = Debug|x64
		{2F7F745F-78B0-4515-9FA4-7921F204E26F}.Debug|x64.Build.0 = Debug|x64
		{2F7F745F-78B0-4515-9FA4-7921F204E26F}.Release|x64.ActiveCfg = Release|x64
		{2F7F745F-78B0-4515-9FA4-7921F204E26F}.Release|x64.Build.0 = Release|x64
		{55A3C90F-BEB8-48EF-A9DA-C33B58475C29}.Debug|x64.ActiveCfg = Debug|x64
		{55A3C90F-BEB8-48EF-A9DA-C33B58475C29}.Debug|x64.Build.0 = Debug|x64
		{55A3C90F-BEB8-48EF-A9DA-C33B58475C29}.Release|x64.ActiveCfg = Release|x64
		{55A3C90F-BEB8-48EF-A9DA-C33B58475C29}.Release|x64.Build.0 = Release|x64
		{DD28BCC3-0512-4D68-96AE-A0D71B6BA277}.Debug|x64.ActiveCfg = Debug|x64
		{DD28BCC3-0512-4D68-96AE-A0D71B6BA277}.Debug|x64.Build.0 = Debug|x64
		{DD28BCC3-0512-4D68-96AE-A0D71B6BA277}.Release|x64.ActiveCfg = Release|x64
		{DD28BCC3-0512-4D68-96AE-A0D71B6BA277}.Release|x64.Build.0 = Release|x64
		{B465547D-6BD9-4D20-97E1-F985479D0915}.Debug|x64.ActiveCfg = Debug|x64
		{B465547D-6BD9-4D20-97E1-F985479D0915}.Debug|x64.Build.0 = Debug|x64
		{B465547D-6BD9-4D20-97E1-F985479D0915}.Release|x64.ActiveCfg = Release|x64
		{B465547D-6BD9-4D20-97E1-F985479D0915}.Release|x64.Build.0 = Release|x64
		{4BE50EF1-BD91-42E7-83D1-C22E844CCE09}.Debug|x64.ActiveCfg = Debug|x64
		{4BE50EF1-BD91-42E7-83D1-C22E844CCE09}.Debug|x64.Build.0 = Debug|x64
		{4BE50EF1-BD91-42E7-83D1-C22E844CCE09}.Release|x64.ActiveCfg = Release|x64
		{4BE50EF1-BD91-42E7-83D1-C22E844CCE09}.Release|x64.Build.0 = Release|x64
		{E7ABB66D-4004-4540-B162-191FBD4DA1E5}.Debug|x64.ActiveCfg = Debug|x64
		{E7ABB66D-4004-4540-B162-191FBD4DA1E5}.Debug|x64.Build.0 = Debug|x64
		{E7ABB66D-4004-4540-B162-191FBD4DA1E5}.Release|x64.ActiveCfg = Release|x64
		{E7ABB66D-4004-4540-B162-191FBD4DA1E5}.Release|x64.Build.0 = Release|x64
		{7E85C64E-8FD0-4C83-B4D4-428D76DACEC3}.Debug|x64.ActiveCfg = Debug|x64
		{7E85C64E-8FD0-4C83-B4D4-428D76DACEC3}.Debug|x64.Build.0 = Debug|x64
		{7E85C64E-8FD0-4C83-B4D4-428D76DACEC3}.Release|x64.ActiveCfg = Release|x64
		{7E85C64E-8FD0-4C83-B4D4-428D76DACEC3}.Release|x64.Build.0 = Release|x64
		{7311483E-326F-496A-BE9A-DCF2CC7B5EC7}.Debug|x64.ActiveCfg = Debug|x64
		{7311483E-326F-496A-BE9A-DCF2CC7B5EC7}.Debug|x64.Build.0 = Debug|x64
		{7311483E-326F-496A-BE9A-DCF2CC7B5EC7}.Release|x64.ActiveCfg = Release|x64
		{7311483E-326F-496A-BE9A-DCF2CC7B5EC7}.Release|x64.Build.0 = Release|x64
		{5DA044EB-52D8-4D23-A9B7-B312E06438E9}.Debug|x64.ActiveCfg = Debug|x64
		{5DA044EB-52D8-4D23-A9B7-B312E06438E9}.Debug|x64.Build.0 = Debug|x64
		{5DA044EB-52D8-4D23-A9B7-B312E06438E9}.Release|x64.ActiveCfg = Release|x64
		{5DA044EB-52D8-4D23-A9B7-B312E06438E9}.Release|x64.Build.0 = Release|x64
		{3875A048-C53D-4B41-ACA9-C7C371A95B2C}.Debug|x64.ActiveCfg = Debug|x64
		{3875A048-C53D-4B41-ACA9-C7C371A95B2C}.Debug|x64.Build.0 = Debug|x64
		{3875A048-C53D-4B41-ACA9-C7C371A95B2C}.Release|x64.ActiveCfg = Release|x64
		{3875A048-C53D-4B41-ACA9-C7C371A95B2C}.Release|x64.Build.0 = Release|x64
		{64F1E9A7-4AD0-4BCE-8019-314C2FD28477}.Debug|x64.ActiveCfg = Debug|x64
		{64F1E9A7-4AD0-4BCE-8019-314C2FD28477}.Debug|x64.Build.0 = Debug|x64
		{64F1E9A7-4AD0-4BCE-8019-314C2FD28477}.Release|x64.ActiveCfg = Release|x64
		{64F1E9A7-4AD0-4BCE-8019-314C2FD28477}.Release|x64.Build.0 = Release|x64
		{F7893C14-3347-43CD-93EA-DBA0EE8C18EB}.Debug|x64.ActiveCfg = Debug|x64
		{F7893C14-3347-43CD-93EA-DBA0EE8C18EB}.Debug|x64.Build.0 = Debug|x64
		{F7893C14-3347-43CD-93EA-DBA0EE8C18EB}.Release|x64.ActiveCfg = Release|x64
		{F7893C14-3347-43CD-93EA-DBA0EE8C18EB}.Release|x64.Build.0 = Release|x64
		{CEABE80F-F59C-4568-A273-25D3BF851CE3}.Debug|x64.ActiveCfg = Debug|x64
		{CEABE80F-F59C-4568-A273-25D3BF851CE3}.Debug|x64.Build.0 = Debug|x64
		{CEABE80F-F59C-4568-A273-25D3BF851CE3}.Release|x64.ActiveCfg = Release|x64
		{CEABE80F-F59C-4568-A273-25D3BF851CE3}.Release|x64.Build.0 = Release|x64
		{39A186A8-860E-48D8-BE1F-76006A42BD7D}.Debug|x64.ActiveCfg = Debug|x64
		{39A186A8-860E-48D8-BE1F-76006A42BD7D}.Debug|x64.Build.0 = Debug|x64
		{39A186A8-860E-48D8-BE1F-76006A42BD7D}.Release|x64.ActiveCfg = Release|x64
		{39A186A8-860E-48D8-BE1F-76006A42BD7D}.Release|x64.Build.0 = Release|x64
		{28FDD3BC-0CDB-40BA-8224-245831FCC0AB}.Debug|x64.ActiveCfg = Debug|x64
		{28FDD3BC-0CDB-40BA-8224-245831FCC0AB}.Debug|x64.Build.0 = Debug|x64
		{28FDD3BC-0CDB-40BA-8224-245831FCC0AB}.Release|x64.ActiveCfg = Release|x64
		{28FDD3BC-0CDB-40BA-8224-245831FCC0AB}.Release|x64.Build.0 = Release|x64
		{756AA633-54A3-4C94-B75C-4E23680182E1}.Debug|x64.ActiveCfg = Debug|x64
		{756AA633-54A3-4C94-B75C-4E23680182E1}.Debug|x64.Build.0 = Debug|x64
		{756AA633-54A3-4C94-B75C-4E23680182E1}.Release|x64.ActiveCfg = Release|x64
		{756AA633-54A3-4C94-B75C-4E23680182E1}.Release|x64.Build.0 = Release|x64
		{65FDDF27-2FCF-4328-A5A1-2E20F9C02125}.Debug|x64.ActiveCfg = Debug|x64
		{65FDDF27-2FCF-4328-A5A1-2E20F9C02125}.Debug|x64.Build.0 = Debug|x64
		{65FDDF27-2FCF-4328-A5A1-2E20F9C02125}.Release|x64.ActiveCfg = Release|x64
		{65FDDF27-2FCF-4328-A5A1-2E20F9C02125}.Release|x64.Build.0 = Release|x64
		{EFD7B015-157C-4986-B6B5-E28FABED8D2B}.Debug|x64.ActiveCfg = Debug|x64
		{EFD7B015-157C-4986-B6B5-E28FABED8D2B}.Debug|x64.Build.0 = Debug|x64
		{EFD7B015-157C-4986-B6B5-E28FABED8D2B}.Release|x64.ActiveCfg = Release|x64
		{EFD7B015-157C-4986-B6B5-E28FABED8D2B}.Release|x64.Build.0 = Release|x64
		{EA0C3161-534C-4538-BA96-F7FA67F7EEFD}.Debug|x64.ActiveCfg = Debug|x64
		{EA0C3161-534C-4538-BA96-F7FA67F7EEFD}.Debug|x64.Build.0 = Debug|x64
		{EA0C3161-534C-4538-BA96-F7FA67F7EEFD}.Release|x64.ActiveCfg = Release|x64
		{EA0C3161-534C-4538-BA96-F7FA67F7EEFD}.Release|x64.Build.0 = Release|x64
		{02E452B7-0D20-4B90-9A28-482576FBB116}.Debug|x64.ActiveCfg = Debug|x64
		{02E452B7-0D20-4B90-9A28-482576FBB116}.Debug|x64.Build.0 = Debug|x64
		{02E452B7-0D20-4B90-9A28-482576FBB116}.Release|x64.ActiveCfg = Release|x64
		{02E452B7-0D20-4B90-9A28-482576FBB116}.Release|x64.Build.0 = Release|x64
		{44A83998-C7E8-4B57-A63C-CAE3A0ACBC50}.Debug|x64.ActiveCfg = Debug|x64
		{44A83998-C7E8-4B57-A63C-CAE3A0ACBC50}.Debug|x64.Build.0 = Debug|x64
		{44A83998-C7E8-4B57-A63C-CAE3A0ACBC50}.Release|x64.ActiveCfg = Release|x64
		{44A83998-C7E8-4B57-A63C-CAE3A0ACBC50}.Release|x64.Build.0 = Release|x64
		{4A1B383C-60A2-4E96-9748-C9672FB6627F}.Debug|x64.ActiveCfg = Debug|x64
		{4A1B383C-60A2-4E96-9748-C9672FB6627F}.Debug|x64.Build.0 = Debug|x64
		{4A1B383C-60A2-4E96-9748-C9672FB6627F}.Release|x64.ActiveCfg = Release|x64
		{4A1B383C-60A2-4E96-9748-C9672FB6627F}.Release|x64.Build.0 = Release|x64
		{FB8328C8-F3A4-45BA-BA2E-F104B058F8AF}.Debug|x64.ActiveCfg = Debug|x64
		{FB8328C8-F3A4-45BA-BA2E-F104B058F8AF}.Debug|x64.Build.0 = Debug|x64
		{FB8328C8-F3A4-45BA-BA2E-F104B058F8AF}.Release|x64.ActiveCfg = Release|x64
		{FB8328C8-F3A4-45BA-BA2E-F104B058F8AF}.Release|x64.Build.0 = Release|x64
		{F02ABB27-AD9F-4ED9-AE99-5217F03FC23B}.Debug|x64.ActiveCfg = Debug|x64
		{F02ABB27-AD9F-4ED9-AE99-5217F03FC23B}.Debug|x64.Build.0 = Debug|x64
		{F02ABB27-AD9F-4ED9-AE99-5217F03FC23B}.Release|x64.ActiveCfg = Release|x64
		{F02ABB27-AD9F-4ED9-AE99-5217F03FC23B}.Release|x64.Build.0 = Release|x64
		{5AA7DB59-65D1-45A8-A8C7-0F73B7FF439B}.Debug|x64.ActiveCfg = Debug|x64
		{5AA7DB59-65D1-45A8-A8C7-0F73B7FF439B}.Debug|x64.Build.0 = Debug|x64
		{5AA7DB59-65D1-45A8-A8C7-0F73B7FF439B}.Release|x64.ActiveCfg = Release|x64
		{5AA7DB59-65D1-45A8-A8C7-0F73B7FF439B}.Release|x64.Build.0 = Release|x64
		{59F75107-0972-44E0-9F4D-19502A215BEA}.Debug|x64.ActiveCfg = Debug|x64
		{59F75107-0972-44E0-9F4D-19502A215BEA}.Debug|x64.Build.0 = Debug|x64
		{59F75107-0972-44E0-9F4D-19502A215BEA}.Release|x64.ActiveCfg = Release|x64
		{59F75107-0972-44E0-9F4D-19502A215BEA}.Release|x64.Build.0 = Release|x64
		{75779E2F-D694-4ACB-BED2-68E5A00B1A61}.Debug|x64.ActiveCfg = Debug|x64
		{75779E2F-D694-4ACB-BED2-68E5A00B1A61}.Debug|x64.Build.0 = Debug|x64
		{75779E2F-D694-4ACB-BED2-68E5A00B1A61}.Release|x64.ActiveCfg = Release|x64
		{75779E2F-D694-4ACB-BED2-68E5A00B1A61}.Release|x64.Build.0 = Release|x64
		{42AF3E0A-B628-4752-866D-0FB0CE9A5C47}.Debug|x64.ActiveCfg = Debug|x64
		{42AF3E0A-B628-4752-866D-0FB0CE9A5C47}.Debug|x64.Build.0 = Debug|x64
		{42AF3E0A-B628-4752-866D-0FB0CE9A5C47}.Release|x64.ActiveCfg = Release|x64
		{42AF3E0A-B628-4752-866D-0FB0CE9A5C47}.Release|x64.Build.0 = Release|x64
		{B4C675E4-5F41-4850-9A24-B09FE0C317F8}.Debug|x64.ActiveCfg = Debug|x64
		{B4C675E4-5F41-4850-9A24-B09FE0C317F8}.Debug|x64.Build.0 = Debug|x64
		{B4C675E4-5F41-4850-9A24-B09FE0C317F8}.Release|x64.ActiveCfg = Release|x64
		{B4C675E4-5F41-4850-9A24-B09FE0C317F8}.Release|x64.Build.0 = Release|x64
		{B5FC66B2-7F58-42BD-ADD5-42FB83DEAF6A}.Debug|x64.ActiveCfg = Debug|x64
		{B5FC66B2-7F58-42BD-ADD5-42FB83DEAF6A}.Debug|x64.Build.0 = Debug|x64
		{B5FC66B2-7F58-42BD-ADD5-42FB83DEAF6A}.Release|x64.ActiveCfg = Release|x64
		{B5FC66B2-7F58-42BD-ADD5-42FB83DEAF6A}.Release|x64.Build.0 = Release|x64
		{2F746A14-853B-4A47-9FA1-A475521467CC}.Debug|x64.ActiveCfg = Debug|x64
		{2F746A14-853B-4A47-9FA1-A475521467CC}.Debug|x64.Build.0 = Debug|x64
		{2F746A14-853B-4A47-9FA1-A475521467CC}.Release|x64.ActiveCfg = Release|x64
		{2F746A14-853B-4A47-9FA1-A475521467CC}.Release|x64.Build.0 = Release|x64
		{7FAFAC5C-9213-4F26-954A-4470AB90BF9F}.Debug|x64.ActiveCfg = Debug|x64
		{7FAFAC5C-9213-4F26-954A-4470AB90BF9F}.Debug|x64.Build.0 = Debug|x64
		{7FAFAC5C-9213-4F26-954A-4470AB90BF9F}.Release|x64.ActiveCfg = Release|x64
		{7FAFAC5C-9213-4F26-954A-4470AB90BF9F}.Release|x64.Build.0 = Release|x64
		{42AB0D1A-B896-4483-9F81-5B36BCFE87A6}.Debug|x64.ActiveCfg = Debug|x64
		{42AB0D1A-B896-4483-9F81-5B36BCFE87A6}.Debug|x64.Build.0 = Debug|x64
		{42AB0D1A-B896-4483-9F81-5B36BCFE87A6}.Release|x64.ActiveCfg = Release|x64
		{42AB0D1A-B896-4483-9F81-5B36BCFE87A6}.Release|x64.Build.0 = Release|x64
		{4343DE64-AC48-4562-86DC-1205C4768A01}.Debug|x64.ActiveCfg = Debug|x64
		{4343DE64-AC48-4562-86DC-1205C4768A01}.Debug|x64.Build.0 = Debug|x64
		{4343DE64-AC48-4562-86DC-1205C4768A01}.Release|x64.ActiveCfg = Release|x64
		{4343DE64-AC48-4562-86DC-1205C4768A01}.Release|x64.Build.0 = Release|x64
		{F306EB33-5FC7-4625-BB7C-A882C5ED0178}.Debug|x64.ActiveCfg = Debug|x64
		{F306EB33-5FC7-4625-BB7C-A882C5ED0178}.Debug|x64.Build.0 = Debug|x64
		{F306EB33-5FC7-4625-BB7C-A882C5ED0178}.Release|x64.ActiveCfg = Release|x64
		{F306EB33-5FC7-4625-BB7C-A882C5ED0178}.Release|x64.Build.0 = Release|x64
		{2711746E-4B7A-4F87-8798-89419AD62E92}.Debug|x64.ActiveCfg = Debug|x64
		{2711746E-4B7A-4F87-8798-89419AD62E92}.Debug|x64.Build.0 = Debug|x64
		{2711746E-4B7A-4F87-8798-89419AD62E92}.Release|x64.ActiveCfg = Release|x64
		{2711746E-4B7A-4F87-8798-89419AD62E92}.Release|x64.Build.0 = Release|x64
		{3D5AA8C6-5BBF-482E-BC13-A8CFAEB624B5}.Debug|x64.ActiveCfg = Debug|x64
		{3D5AA8C6-5BBF-482E-BC13-A8CFAEB624B5}.Debug|x64.Build.0 = Debug|x64
		{3D5AA8C6-5BBF-482E-BC13-A8CFAEB624B5}.Release|x64.ActiveCfg = Release|x64
		{3D5AA8C6-5BBF-482E-BC13-A8CFAEB624B5}.Release|x64.Build.0 = Release|x64
		{F56DF22B-8385-46C3-9DF0-7AC5D5A9D71F}.Debug|x64.ActiveCfg = Debug|x64
		{F56DF22B-8385-46C3-9DF0-7AC5D5A9D71F}.Debug|x64.Build.0 = Debug|x64
		{F56DF22B-8385-46C3-9DF0-7AC5D5A9D71F}.Release|x64.ActiveCfg = Release|x64
		{F56DF22B-8385-46C3-9DF0-7AC5D5A9D71F}.Release|x64.Build.0 = Release|x64
		{2753E12B-6CA9-4BCC-B505-137F79D9C5FA}.Debug|x64.ActiveCfg = Debug|x64
		{2753E12B-6CA9-4BCC-B505-137F79D9C5FA}.Debug|x64.Build.0 = Debug|x64
		{2753E12B-6CA9-4BCC-B505-137F79D9C5FA}.Release|x64.ActiveCfg = Release|x64
		{2753E12B-6CA9-4BCC-B505-137F79D9C5FA}.Release|x64.Build.0 = Release|x64
		{63784AFD-DDC2-4CBC-B776-ACD545544BDE}.Debug|x64.ActiveCfg = Debug|x64
		{63784AFD-DDC2-4CBC-B776-ACD545544BDE}.Debug|x64.Build.0 = Debug|x64
		{63784AFD-DDC2-4CBC-B776-ACD545544BDE}.Release|x64.ActiveCfg = Release|x64
		{63784AFD-DDC2-4CBC-B776-ACD545544BDE}.Release|x64.Build.0 = Release|x64
		{AAE25717-5CB5-49D2-9DE1-F336D6D1EAD6}.Debug|x64.ActiveCfg = Debug|x64
		{AAE25717-5CB5-49D2-9DE1-F336D6D1EAD6}.Debug|x64.Build.0 = Debug|x64
		{AAE25717-5CB5-49D2-9DE1-F336D6D1EAD6}.Release|x64.ActiveCfg = Release|x64
		{AAE25717-5CB5-49D2-9DE1-F336D6D1EAD6}.Release|x64.Build.0 = Release|x64
		{621344E9-198E-40DA-8B3B-8231111D9A35}.Debug|x64.ActiveCfg = Debug|x64
		{621344E9-198E-40DA-8B3B-8231111D9A35}.Debug|x64.Build.0 = Debug|x64
		{621344E9-198E-40DA-8B3B-8231111D9A35}.Release|x64.ActiveCfg = Release|x64
		{621344E9-198E-40DA-8B3B-8231111D9A35}.Release|x64.Build.0 = Release|x64
		{95084EAD-52C2-4D83-B444-6238A2DD2909}.Debug|x64.ActiveCfg = Debug|x64
		{95084EAD-52C2-4D83-B444-6238A2DD2909}.Debug|x64.Build.0 = Debug|x64
		{95084EAD-52C2-4D83-B444-6238A2DD2909}.Release|x64.ActiveCfg = Release|x64
		{95084EAD-52C2-4D83-B444-6238A2DD2909}.Release|x64.Build.0 = Release|x64
		{EAEEB532-A19A-4A98-8B46-68B9245ECC9C}.Debug|x64.ActiveCfg = Debug|x64
		{EAEEB532-A19A-4A98-8B46-68B9245ECC9C}.Debug|x64.Build.0 = Debug|x64
		{EAEEB532-A19A-4A98-8B46-68B9245ECC9C}.Release|x64.ActiveCfg = Release|x64
		{EAEEB532-A19A-4A98-8B46-68B9245ECC9C}.Release|x64.Build.0 = Release|x64
		{5A48770D-203F-456D-AB9C-75C96417E0AE}.Debug|x64.ActiveCfg = Debug|x64
		{5A48770D-203F-456D-AB9C-75C96417E0AE}.Debug|x64.Build.0 = Debug|x64
		{5A48770D-203F-456D-AB9C-75C96417E0AE}.Release|x64.ActiveCfg = Release|x64
		{5A48770D-203F-456D-AB9C-75C96417E0AE}.Release|x64.Build.0 = Release|x64
		{F2B01399-136B-485B-B8BD-9D66DC4AC8BA}.Debug|x64.ActiveCfg = Debug|x64
		{F2B01399-136B-485B-B8BD-9D66DC4AC8BA}.Debug|x64.Build.0 = Debug|x64
		{F2B01399-136B-485B-B8BD-9D66DC4AC8BA}.Release|x64.ActiveCfg = Release|x64
		{F2B01399-136B-485B-B8BD-9D66DC4AC8BA}.Release|x64.Build.0 = Release|x64
		{5826A849-7FC2-454C-9EEE-82C36CF93936}.Debug|x64.ActiveCfg = Debug|x64
		{5826A849-7FC2-454C-9EEE-82C36CF93936}.Debug|x64.Build.0 = Debug|x64
		{5826A849-7FC2-454C-9EEE-82C36CF93936}.Release|x64.ActiveCfg = Release|x64
		{5826A849-7FC2-454C-9EEE-82C36CF93936}.Release|x64.Build.0 = Release|x64
		{9DC7E02F-4782-42B5-94D5-F6A7BDBCAEFB}.Debug|x64.ActiveCfg = Debug|x64
		{9DC7E02F-4782-42B5-94D5-F6A7BDBCAEFB}.Debug|x64.Build.0 = Debug|x64
		{9DC7E02F-4782-42B5-94D5-F6A7BDBCAEFB}.Release|x64.ActiveCfg = Release|x64
		{9DC7E02F-4782-42B5-94D5-F6A7BDBCAEFB}.Release|x64.Build.0 = Release|x64
		{1CB6B46B-47DD-4932-AE99-260EC9B83BD8}.Debug|x64.ActiveCfg = Debug|x64
		{1CB6B46B-47DD-4932-AE99-260EC9B83BD8}.Debug|x64.Build.0 = Debug|x64
		{1CB6B46B-47DD-4932-AE99-260EC9B83BD8}.Release|x64.ActiveCfg = Release|x64
		{1CB6B46B-47DD-4932-AE99-260EC9B83BD8}.Release|x64.Build.0 = Release|x64
		{7F4169C3-D589-49C3-9058-7CCD2B8CA6F3}.Debug|x64.ActiveCfg = Debug|x64
		{7F4169C3-D589-49C3-9058-7CCD2B8CA6F3}.Debug|x64.Build.0 = Debug|x64
		{7F4169C3-D589-49C3-9058-7CCD2B8CA6F3}.Release|x64.ActiveCfg = Release|x64
		{7F4169C3-D589-49C3-9058-7CCD2B8CA6F3}.Release|x64.Build.0 = Release|x64
		{522FF3B9-A28E-4350-A82C-504FAC66EDCD}.Debug|x64.ActiveCfg = Debug|x64
		{522FF3B9-A28E-4350-A82C-504FAC66EDCD}.Debug|x64.Build.0 = Debug|x64
		{522FF3B9-A28E-4350-A82C-504FAC66EDCD}.Release|x64.ActiveCfg = Release|x64
		{522FF3B9-A28E-4350-A82C-504FAC66EDCD}.Release|x64.Build.0 = Release|x64
		{9073C0E4-43FD-4F10-B67A-1FB2D33EBF11}.Debug|x64.ActiveCfg = Debug|x64
		{9073C0E4-43FD-4F10-B67A-1FB2D33EBF11}.Debug|x64.Build.0 = Debug|x64
		{9073C0E4-43FD-4F10-B67A-1FB2D33EBF11}.Release|x64.ActiveCfg = Release|x64
		{9073C0E4-43FD-4F10-B67A-1FB2D33EBF11}.Release|x64.Build.0 = Release|x64
		{BC2EB852-5DBF-4BC1-816E-2B99602BF8BE}.Debug|x64.ActiveCfg = Debug|x64
		{BC2EB852-5DBF-4BC1-816E-2B99602BF8BE}.Debug|x64.Build.0 = Debug|x64
		{BC2EB852-5DBF-4BC1-816E-2B99602BF8BE}.Release|x64.ActiveCfg = Release|x64
		{BC2EB852-5DBF-4BC1-816E-2B99602BF8BE}.Release|x64.Build.0 = Release|x64
		{56FE4EAA-B893-4821-8A62-CE1AB3B819C2}.Debug|x64.ActiveCfg = Debug|x64
		{56FE4EAA-B893-4821-8A62-CE1AB3B819C2}.Debug|x64.Build.0 = Debug|x64
		{56FE4EAA-B893-4821-8A62-CE1AB3B819C2}.Release|x64.ActiveCfg = Release|x64
		{56FE4EAA-B893-4821-8A62-CE1AB3B819C2}.Release|x64.Build.0 = Release|x64
		{FD045D60-ABAD-4A6C-9794-9BFB085FC3E7}.Debug|x64.ActiveCfg = Debug|x64
		{FD045D60-ABAD-4A6C-9794-9BFB085FC3E7}.Debug|x64.Build.0 = Debug|x64
		{FD045D60-ABAD-4A6C-9794-9BFB085FC3E7}.Release|x64.ActiveCfg = Release|x64
		{FD045D60-ABAD-4A6C-9794-9BFB085FC3E7}.Release|x64.Build.0 = Release|x64
		{02AEBC7B-C8AF-4407-BB1A-064182A38420}.Debug|x64.ActiveCfg = Debug|x64
		{02AEBC7B-C8AF-4407-BB1A-064182A38420}.Debug|x64.Build.0 = Debug|x64
		{02AEBC7B-C8AF-4407-BB1A-064182A38420}.Release|x64.ActiveCfg = Release|x64
		{02AEBC7B-C8AF-4407-BB1A-064182A38420}.Release|x64.Build.0 = Release|x64
		{B7124116-7A43-4BF1-B727-4C8ADE40FF7F}.Debug|x64.ActiveCfg = Debug|x64
		{B7124116-7A43-4BF1-B727-4C8ADE40FF7F}.Debug|x64.Build.0 = Debug|x64
		{B7124116-7A43-4BF1-B727-4C8ADE40FF7F}.Release|x64.ActiveCfg = Release|x64
		{B7124116-7A43-4BF1-B727-4C8ADE40FF7F}.Release|x64.Build.0 = Release|x64
		{E464DF91-A1F7-46F0-980F-2871E6706560}.Debug|x64.ActiveCfg = Debug|x64
		{E464DF91-A1F7-46F0-980F-2871E6706560}.Debug|x64.Build.0 = Debug|x64
		{E464DF91-A1F7-46F0-980F-2871E6706560}.Release|x64.ActiveCfg = Release|x64
		{E464DF91-A1F7-46F0-980F-2871E6706560}.Release|x64.Build.0 = Release|x64
		{4B65E600-064A-11DF-8A39-0800200C9A66}.Debug|x64.ActiveCfg = Debug|x64
		{4B65E600-064A-11DF-8A39-0800200C9A66}.Debug|x64.Build.0 = Debug|x64
		{4B65E600-064A-11DF-8A39-0800200C9A66}.Release|x64.ActiveCfg = Release|x64
		{4B65E600-064A-11DF-8A39-0800200C9A66}.Release|x64.Build.0 = Release|x64
		{1EE89292-DE32-4F46-9DB8-ECC77408EBCC}.Debug|x64.ActiveCfg = Debug|x64
		{1EE89292-DE32-4F46-9DB8-ECC77408EBCC}.Debug|x64.Build.0 = Debug|x64
		{1EE89292-DE32-4F46-9DB8-ECC77408EBCC}.Release|x64.ActiveCfg = Release|x64
		{1EE89292-DE32-4F46-9DB8-ECC77408EBCC}.Release|x64.Build.0 = Release|x64
	EndGlobalSection
	GlobalSection(SolutionProperties) = preSolution
		HideSolutionNode = FALSE
	EndGlobalSection
	GlobalSection(NestedProjects) = preSolution
		{56056344-53A1-4FA6-B20B-862C0BA68953} = {1969A8AF-905D-4B6C-AEC6-38F9235F86CC}
		{CBA57C31-6A64-4B51-B22E-5B820B021322} = {D7177661-E4D4-461E-82E3-22B76B819399}
		{1969A8AF-905D-4B6C-AEC6-38F9235F86CC} = {B57FEB14-DAC7-44C7-9FAF-426D5C371222}
		{4338103E-310C-4C5B-9F67-E3F7EA9D4733} = {1969A8AF-905D-4B6C-AEC6-38F9235F86CC}
		{25A7C2C0-21C5-468A-8022-1D675AB1C316} = {1969A8AF-905D-4B6C-AEC6-38F9235F86CC}
		{C7D5D29A-B532-4EB2-A275-528210EDC583} = {1969A8AF-905D-4B6C-AEC6-38F9235F86CC}
		{52DACE12-0027-4325-BF81-745DB12C12BB} = {1969A8AF-905D-4B6C-AEC6-38F9235F86CC}
		{931D2DDB-16B5-405B-80E0-09882887B0FB} = {1969A8AF-905D-4B6C-AEC6-38F9235F86CC}
		{165F8B49-E112-4EAC-BA7E-14DE89B686A9} = {1969A8AF-905D-4B6C-AEC6-38F9235F86CC}
		{47DF62C4-37EB-4176-9BEE-0B6141FBF217} = {1969A8AF-905D-4B6C-AEC6-38F9235F86CC}
		{FB6439A6-9F4E-4334-8E44-4C59C4783327} = {1969A8AF-905D-4B6C-AEC6-38F9235F86CC}
		{AD4F70AA-A859-4387-A004-4C78CE146017} = {1969A8AF-905D-4B6C-AEC6-38F9235F86CC}
		{2F7F745F-78B0-4515-9FA4-7921F204E26F} = {1969A8AF-905D-4B6C-AEC6-38F9235F86CC}
		{55A3C90F-BEB8-48EF-A9DA-C33B58475C29} = {1969A8AF-905D-4B6C-AEC6-38F9235F86CC}
		{DD28BCC3-0512-4D68-96AE-A0D71B6BA277} = {1969A8AF-905D-4B6C-AEC6-38F9235F86CC}
		{E00D9A6C-6ADB-4EA7-966B-358F4D0E2C6E} = {B57FEB14-DAC7-44C7-9FAF-426D5C371222}
		{B465547D-6BD9-4D20-97E1-F985479D0915} = {827A7CB1-E4A3-4A85-9A31-82F5DB132BFF}
		{4BE50EF1-BD91-42E7-83D1-C22E844CCE09} = {827A7CB1-E4A3-4A85-9A31-82F5DB132BFF}
		{E7ABB66D-4004-4540-B162-191FBD4DA1E5} = {827A7CB1-E4A3-4A85-9A31-82F5DB132BFF}
		{7E85C64E-8FD0-4C83-B4D4-428D76DACEC3} = {827A7CB1-E4A3-4A85-9A31-82F5DB132BFF}
		{7311483E-326F-496A-BE9A-DCF2CC7B5EC7} = {827A7CB1-E4A3-4A85-9A31-82F5DB132BFF}
		{5DA044EB-52D8-4D23-A9B7-B312E06438E9} = {827A7CB1-E4A3-4A85-9A31-82F5DB132BFF}
		{3875A048-C53D-4B41-ACA9-C7C371A95B2C} = {827A7CB1-E4A3-4A85-9A31-82F5DB132BFF}
		{64F1E9A7-4AD0-4BCE-8019-314C2FD28477} = {827A7CB1-E4A3-4A85-9A31-82F5DB132BFF}
		{F7893C14-3347-43CD-93EA-DBA0EE8C18EB} = {827A7CB1-E4A3-4A85-9A31-82F5DB132BFF}
		{CEABE80F-F59C-4568-A273-25D3BF851CE3} = {827A7CB1-E4A3-4A85-9A31-82F5DB132BFF}
		{827A7CB1-E4A3-4A85-9A31-82F5DB132BFF} = {E00D9A6C-6ADB-4EA7-966B-358F4D0E2C6E}
		{71FD8524-51E1-4A99-B0F0-CEBBCF3B6153} = {E00D9A6C-6ADB-4EA7-966B-358F4D0E2C6E}
		{39A186A8-860E-48D8-BE1F-76006A42BD7D} = {71FD8524-51E1-4A99-B0F0-CEBBCF3B6153}
		{28FDD3BC-0CDB-40BA-8224-245831FCC0AB} = {71FD8524-51E1-4A99-B0F0-CEBBCF3B6153}
		{756AA633-54A3-4C94-B75C-4E23680182E1} = {71FD8524-51E1-4A99-B0F0-CEBBCF3B6153}
		{65FDDF27-2FCF-4328-A5A1-2E20F9C02125} = {71FD8524-51E1-4A99-B0F0-CEBBCF3B6153}
		{C6C49153-61AC-40C9-84D5-2057DD0690F6} = {E00D9A6C-6ADB-4EA7-966B-358F4D0E2C6E}
		{EFD7B015-157C-4986-B6B5-E28FABED8D2B} = {C6C49153-61AC-40C9-84D5-2057DD0690F6}
		{EA0C3161-534C-4538-BA96-F7FA67F7EEFD} = {C6C49153-61AC-40C9-84D5-2057DD0690F6}
		{02E452B7-0D20-4B90-9A28-482576FBB116} = {C6C49153-61AC-40C9-84D5-2057DD0690F6}
		{44A83998-C7E8-4B57-A63C-CAE3A0ACBC50} = {C6C49153-61AC-40C9-84D5-2057DD0690F6}
		{4A1B383C-60A2-4E96-9748-C9672FB6627F} = {C6C49153-61AC-40C9-84D5-2057DD0690F6}
		{FB8328C8-F3A4-45BA-BA2E-F104B058F8AF} = {C6C49153-61AC-40C9-84D5-2057DD0690F6}
		{F02ABB27-AD9F-4ED9-AE99-5217F03FC23B} = {C6C49153-61AC-40C9-84D5-2057DD0690F6}
		{416983ED-EE23-42E1-A6D1-E12CB669BFF5} = {C6C49153-61AC-40C9-84D5-2057DD0690F6}
		{5AA7DB59-65D1-45A8-A8C7-0F73B7FF439B} = {416983ED-EE23-42E1-A6D1-E12CB669BFF5}
		{59F75107-0972-44E0-9F4D-19502A215BEA} = {416983ED-EE23-42E1-A6D1-E12CB669BFF5}
		{E98F2B9F-53A7-4E17-81C6-1884ADEB75B7} = {827A7CB1-E4A3-4A85-9A31-82F5DB132BFF}
		{75779E2F-D694-4ACB-BED2-68E5A00B1A61} = {E98F2B9F-53A7-4E17-81C6-1884ADEB75B7}
		{42AF3E0A-B628-4752-866D-0FB0CE9A5C47} = {E98F2B9F-53A7-4E17-81C6-1884ADEB75B7}
		{F37A2219-04B2-4EC5-8933-7AE06FC3BE8A} = {E00D9A6C-6ADB-4EA7-966B-358F4D0E2C6E}
		{356D8E1D-5609-47C7-8527-AB62205F35C8} = {F37A2219-04B2-4EC5-8933-7AE06FC3BE8A}
		{B4C675E4-5F41-4850-9A24-B09FE0C317F8} = {356D8E1D-5609-47C7-8527-AB62205F35C8}
		{B5FC66B2-7F58-42BD-ADD5-42FB83DEAF6A} = {356D8E1D-5609-47C7-8527-AB62205F35C8}
		{2F746A14-853B-4A47-9FA1-A475521467CC} = {356D8E1D-5609-47C7-8527-AB62205F35C8}
		{7FAFAC5C-9213-4F26-954A-4470AB90BF9F} = {356D8E1D-5609-47C7-8527-AB62205F35C8}
		{42AB0D1A-B896-4483-9F81-5B36BCFE87A6} = {356D8E1D-5609-47C7-8527-AB62205F35C8}
		{4343DE64-AC48-4562-86DC-1205C4768A01} = {356D8E1D-5609-47C7-8527-AB62205F35C8}
		{F306EB33-5FC7-4625-BB7C-A882C5ED0178} = {356D8E1D-5609-47C7-8527-AB62205F35C8}
		{2711746E-4B7A-4F87-8798-89419AD62E92} = {356D8E1D-5609-47C7-8527-AB62205F35C8}
		{3D5AA8C6-5BBF-482E-BC13-A8CFAEB624B5} = {356D8E1D-5609-47C7-8527-AB62205F35C8}
		{F56DF22B-8385-46C3-9DF0-7AC5D5A9D71F} = {356D8E1D-5609-47C7-8527-AB62205F35C8}
		{A8C6593C-CC47-45AF-97F4-2A121842CAE6} = {1969A8AF-905D-4B6C-AEC6-38F9235F86CC}
		{2753E12B-6CA9-4BCC-B505-137F79D9C5FA} = {A8C6593C-CC47-45AF-97F4-2A121842CAE6}
		{AE07D3A4-AFCA-4EEE-BF43-937D9CF0C5E2} = {71FD8524-51E1-4A99-B0F0-CEBBCF3B6153}
		{63784AFD-DDC2-4CBC-B776-ACD545544BDE} = {AE07D3A4-AFCA-4EEE-BF43-937D9CF0C5E2}
		{AAE25717-5CB5-49D2-9DE1-F336D6D1EAD6} = {1969A8AF-905D-4B6C-AEC6-38F9235F86CC}
		{DA2C29CD-381A-4D7A-89DE-1A06BDF91C16} = {B57FEB14-DAC7-44C7-9FAF-426D5C371222}
		{1C497C89-C795-4C90-ABDB-8C7EC16F5F76} = {DA2C29CD-381A-4D7A-89DE-1A06BDF91C16}
		{1986AC64-F346-4B5F-BD55-F0E8F16463D1} = {1C497C89-C795-4C90-ABDB-8C7EC16F5F76}
		{23FD45F1-3239-44B8-B693-C18911305518} = {1986AC64-F346-4B5F-BD55-F0E8F16463D1}
		{621344E9-198E-40DA-8B3B-8231111D9A35} = {23FD45F1-3239-44B8-B693-C18911305518}
		{02873E55-2B11-49D6-B8F7-927C79B083CD} = {356D8E1D-5609-47C7-8527-AB62205F35C8}
		{95084EAD-52C2-4D83-B444-6238A2DD2909} = {02873E55-2B11-49D6-B8F7-927C79B083CD}
		{08B739D7-50B2-47AB-9D69-6B718355A195} = {827A7CB1-E4A3-4A85-9A31-82F5DB132BFF}
		{EAEEB532-A19A-4A98-8B46-68B9245ECC9C} = {08B739D7-50B2-47AB-9D69-6B718355A195}
		{618BFB6B-9777-46C5-A60F-06F5571144E2} = {827A7CB1-E4A3-4A85-9A31-82F5DB132BFF}
		{5A48770D-203F-456D-AB9C-75C96417E0AE} = {618BFB6B-9777-46C5-A60F-06F5571144E2}
		{F2B01399-136B-485B-B8BD-9D66DC4AC8BA} = {08B739D7-50B2-47AB-9D69-6B718355A195}
		{31E0F130-5DAB-44BF-91C4-C79F3719A002} = {827A7CB1-E4A3-4A85-9A31-82F5DB132BFF}
		{5826A849-7FC2-454C-9EEE-82C36CF93936} = {31E0F130-5DAB-44BF-91C4-C79F3719A002}
		{9DC7E02F-4782-42B5-94D5-F6A7BDBCAEFB} = {31E0F130-5DAB-44BF-91C4-C79F3719A002}
		{8B18CA6D-98BE-4D49-BFF3-D12877B83BE5} = {C6C49153-61AC-40C9-84D5-2057DD0690F6}
		{1CB6B46B-47DD-4932-AE99-260EC9B83BD8} = {8B18CA6D-98BE-4D49-BFF3-D12877B83BE5}
		{A664C68A-EC4B-4C8E-8408-1E0E6F757713} = {C6C49153-61AC-40C9-84D5-2057DD0690F6}
		{7F4169C3-D589-49C3-9058-7CCD2B8CA6F3} = {A664C68A-EC4B-4C8E-8408-1E0E6F757713}
		{522FF3B9-A28E-4350-A82C-504FAC66EDCD} = {A664C68A-EC4B-4C8E-8408-1E0E6F757713}
		{DE995AB1-E28F-4B0A-BA13-B51F80984F40} = {B57FEB14-DAC7-44C7-9FAF-426D5C371222}
		{E52F6244-4AD2-464E-B149-F11D216E9A35} = {DE995AB1-E28F-4B0A-BA13-B51F80984F40}
		{9073C0E4-43FD-4F10-B67A-1FB2D33EBF11} = {E52F6244-4AD2-464E-B149-F11D216E9A35}
		{D7177661-E4D4-461E-82E3-22B76B819399} = {046A8A7F-6103-48D5-80BB-082A21E4D33D}
		{EE86DFCE-17CE-4E5F-9066-CCD608DDB70B} = {046A8A7F-6103-48D5-80BB-082A21E4D33D}
		{BC2EB852-5DBF-4BC1-816E-2B99602BF8BE} = {EE86DFCE-17CE-4E5F-9066-CCD608DDB70B}
		{56FE4EAA-B893-4821-8A62-CE1AB3B819C2} = {D7177661-E4D4-461E-82E3-22B76B819399}
		{FD045D60-ABAD-4A6C-9794-9BFB085FC3E7} = {EE86DFCE-17CE-4E5F-9066-CCD608DDB70B}
		{02AEBC7B-C8AF-4407-BB1A-064182A38420} = {D7177661-E4D4-461E-82E3-22B76B819399}
		{B7124116-7A43-4BF1-B727-4C8ADE40FF7F} = {EE86DFCE-17CE-4E5F-9066-CCD608DDB70B}
		{E464DF91-A1F7-46F0-980F-2871E6706560} = {D7177661-E4D4-461E-82E3-22B76B819399}
		{4B65E600-064A-11DF-8A39-0800200C9A66} = {EE86DFCE-17CE-4E5F-9066-CCD608DDB70B}
		{1EE89292-DE32-4F46-9DB8-ECC77408EBCC} = {D7177661-E4D4-461E-82E3-22B76B819399}
	EndGlobalSection
	GlobalSection(ExtensibilityGlobals) = postSolution
		SolutionGuid = {0A8CEE52-492A-4393-9DD8-1A14948800DE}
	EndGlobalSection
EndGlobal
